
Microsoft Visual Studio Solution File, Format Version 12.00
# Visual Studio Version 17
VisualStudioVersion = 17.5.33516.290
MinimumVisualStudioVersion = 10.0.40219.1
Project("{2150E333-8FDC-42A3-9474-1A3956D46DE8}") = "Source", "Source", "{574C0BCA-E2E4-4401-83BA-9AE63A3E6810}"
EndProject
Project("{2150E333-8FDC-42A3-9474-1A3956D46DE8}") = "Core", "Core", "{F88D26AE-29B1-46F7-B1B8-BE07F29AA594}"
EndProject
Project("{2150E333-8FDC-42A3-9474-1A3956D46DE8}") = "WebApi", "WebApi", "{2C5020E7-F8F3-4137-803B-A52F0B0FC51F}"
EndProject
Project("{9A19103F-16F7-4668-BE54-9A1E7A4F7556}") = "WebApi", "WebApi\WebApi\WebApi.csproj", "{52DC6EA9-9728-43A9-9C6E-5D28CF28E012}"
EndProject
Project("{9A19103F-16F7-4668-BE54-9A1E7A4F7556}") = "Domain", "Domain\Domain.csproj", "{E3753F3D-57A6-4E23-9945-C83CEDB9D0EC}"
EndProject
Project("{9A19103F-16F7-4668-BE54-9A1E7A4F7556}") = "Application", "Application\Application.csproj", "{E4E6CB5C-BD80-4092-A05E-5B455138D111}"
EndProject
Project("{9A19103F-16F7-4668-BE54-9A1E7A4F7556}") = "Infrastructure.Shared", "Infrastructure.Shared\Infrastructure.Shared.csproj", "{13A1DE90-50EF-4DAD-BEA4-D564915D1B20}"
EndProject
Project("{2150E333-8FDC-42A3-9474-1A3956D46DE8}") = "Infrastructure", "Infrastructure", "{034423BC-3994-4E14-AF0E-5989D295DDD8}"
EndProject
Project("{9A19103F-16F7-4668-BE54-9A1E7A4F7556}") = "Infrastructure.Persistence", "Infrastructure.Persistence\Infrastructure.Persistence.csproj", "{A4B51444-E34E-43ED-876F-0B243C85A775}"
EndProject
Project("{2150E333-8FDC-42A3-9474-1A3956D46DE8}") = "Common", "Common", "{35805545-51E3-46B4-8C42-1655D492BC9D}"
EndProject
Project("{FAE04EC0-301F-11D3-BF4B-00C04F79EFBC}") = "Common", "Common\Common.csproj", "{FBDB9B97-E324-464A-8B09-7F081250F298}"
EndProject
Global
	GlobalSection(SolutionConfigurationPlatforms) = preSolution
		Debug|Any CPU = Debug|Any CPU
		Release|Any CPU = Release|Any CPU
	EndGlobalSection
	GlobalSection(ProjectConfigurationPlatforms) = postSolution
		{52DC6EA9-9728-43A9-9C6E-5D28CF28E012}.Debug|Any CPU.ActiveCfg = Debug|Any CPU
		{52DC6EA9-9728-43A9-9C6E-5D28CF28E012}.Debug|Any CPU.Build.0 = Debug|Any CPU
		{52DC6EA9-9728-43A9-9C6E-5D28CF28E012}.Release|Any CPU.ActiveCfg = Release|Any CPU
		{52DC6EA9-9728-43A9-9C6E-5D28CF28E012}.Release|Any CPU.Build.0 = Release|Any CPU
		{E3753F3D-57A6-4E23-9945-C83CEDB9D0EC}.Debug|Any CPU.ActiveCfg = Debug|Any CPU
		{E3753F3D-57A6-4E23-9945-C83CEDB9D0EC}.Debug|Any CPU.Build.0 = Debug|Any CPU
		{E3753F3D-57A6-4E23-9945-C83CEDB9D0EC}.Release|Any CPU.ActiveCfg = Release|Any CPU
		{E3753F3D-57A6-4E23-9945-C83CEDB9D0EC}.Release|Any CPU.Build.0 = Release|Any CPU
		{E4E6CB5C-BD80-4092-A05E-5B455138D111}.Debug|Any CPU.ActiveCfg = Debug|Any CPU
		{E4E6CB5C-BD80-4092-A05E-5B455138D111}.Debug|Any CPU.Build.0 = Debug|Any CPU
		{E4E6CB5C-BD80-4092-A05E-5B455138D111}.Release|Any CPU.ActiveCfg = Release|Any CPU
		{E4E6CB5C-BD80-4092-A05E-5B455138D111}.Release|Any CPU.Build.0 = Release|Any CPU
		{13A1DE90-50EF-4DAD-BEA4-D564915D1B20}.Debug|Any CPU.ActiveCfg = Debug|Any CPU
		{13A1DE90-50EF-4DAD-BEA4-D564915D1B20}.Debug|Any CPU.Build.0 = Debug|Any CPU
		{13A1DE90-50EF-4DAD-BEA4-D564915D1B20}.Release|Any CPU.ActiveCfg = Release|Any CPU
		{13A1DE90-50EF-4DAD-BEA4-D564915D1B20}.Release|Any CPU.Build.0 = Release|Any CPU
		{A4B51444-E34E-43ED-876F-0B243C85A775}.Debug|Any CPU.ActiveCfg = Debug|Any CPU
		{A4B51444-E34E-43ED-876F-0B243C85A775}.Debug|Any CPU.Build.0 = Debug|Any CPU
		{A4B51444-E34E-43ED-876F-0B243C85A775}.Release|Any CPU.ActiveCfg = Release|Any CPU
		{A4B51444-E34E-43ED-876F-0B243C85A775}.Release|Any CPU.Build.0 = Release|Any CPU
		{FBDB9B97-E324-464A-8B09-7F081250F298}.Debug|Any CPU.ActiveCfg = Debug|Any CPU
		{FBDB9B97-E324-464A-8B09-7F081250F298}.Debug|Any CPU.Build.0 = Debug|Any CPU
		{FBDB9B97-E324-464A-8B09-7F081250F298}.Release|Any CPU.ActiveCfg = Release|Any CPU
		{FBDB9B97-E324-464A-8B09-7F081250F298}.Release|Any CPU.Build.0 = Release|Any CPU
	EndGlobalSection
	GlobalSection(SolutionProperties) = preSolution
		HideSolutionNode = FALSE
	EndGlobalSection
	GlobalSection(NestedProjects) = preSolution
		{F88D26AE-29B1-46F7-B1B8-BE07F29AA594} = {574C0BCA-E2E4-4401-83BA-9AE63A3E6810}
		{2C5020E7-F8F3-4137-803B-A52F0B0FC51F} = {574C0BCA-E2E4-4401-83BA-9AE63A3E6810}
		{52DC6EA9-9728-43A9-9C6E-5D28CF28E012} = {2C5020E7-F8F3-4137-803B-A52F0B0FC51F}
		{E3753F3D-57A6-4E23-9945-C83CEDB9D0EC} = {F88D26AE-29B1-46F7-B1B8-BE07F29AA594}
		{E4E6CB5C-BD80-4092-A05E-5B455138D111} = {F88D26AE-29B1-46F7-B1B8-BE07F29AA594}
		{13A1DE90-50EF-4DAD-BEA4-D564915D1B20} = {034423BC-3994-4E14-AF0E-5989D295DDD8}
		{034423BC-3994-4E14-AF0E-5989D295DDD8} = {574C0BCA-E2E4-4401-83BA-9AE63A3E6810}
		{A4B51444-E34E-43ED-876F-0B243C85A775} = {034423BC-3994-4E14-AF0E-5989D295DDD8}
		{35805545-51E3-46B4-8C42-1655D492BC9D} = {574C0BCA-E2E4-4401-83BA-9AE63A3E6810}
		{FBDB9B97-E324-464A-8B09-7F081250F298} = {35805545-51E3-46B4-8C42-1655D492BC9D}
	EndGlobalSection
	GlobalSection(ExtensibilityGlobals) = postSolution
		SolutionGuid = {8BECFE4D-BDF2-49B4-A87A-C695904F033A}
	EndGlobalSection
EndGlobal
